
Microsoft Visual Studio Solution File, Format Version 12.00
# Visual Studio Version 16
VisualStudioVersion = 16.0.31424.327
MinimumVisualStudioVersion = 10.0.40219.1
Project("{9A19103F-16F7-4668-BE54-9A1E7A4F7556}") = "SalaDeAula", "SalaDeAula\SalaDeAula.csproj", "{ABF663CD-B3A7-4DC6-BE25-AE3A1E325095}"
EndProject
Global
	GlobalSection(SolutionConfigurationPlatforms) = preSolution
		Debug|Any CPU = Debug|Any CPU
		Release|Any CPU = Release|Any CPU
	EndGlobalSection
	GlobalSection(ProjectConfigurationPlatforms) = postSolution
		{ABF663CD-B3A7-4DC6-BE25-AE3A1E325095}.Debug|Any CPU.ActiveCfg = Debug|Any CPU
		{ABF663CD-B3A7-4DC6-BE25-AE3A1E325095}.Debug|Any CPU.Build.0 = Debug|Any CPU
		{ABF663CD-B3A7-4DC6-BE25-AE3A1E325095}.Release|Any CPU.ActiveCfg = Release|Any CPU
		{ABF663CD-B3A7-4DC6-BE25-AE3A1E325095}.Release|Any CPU.Build.0 = Release|Any CPU
	EndGlobalSection
	GlobalSection(SolutionProperties) = preSolution
		HideSolutionNode = FALSE
	EndGlobalSection
	GlobalSection(ExtensibilityGlobals) = postSolution
		SolutionGuid = {4D9CD7A9-739F-46EF-8654-6A08E8871F85}
	EndGlobalSection
EndGlobal
