
Microsoft Visual Studio Solution File, Format Version 12.00
# Visual Studio Version 16
VisualStudioVersion = 16.0.31424.327
MinimumVisualStudioVersion = 10.0.40219.1
Project("{9A19103F-16F7-4668-BE54-9A1E7A4F7556}") = "Aula03", "Aula03.csproj", "{F873AE7C-D6BD-4A5B-810D-5A71378E09D5}"
EndProject
Global
	GlobalSection(SolutionConfigurationPlatforms) = preSolution
		Debug|Any CPU = Debug|Any CPU
		Release|Any CPU = Release|Any CPU
	EndGlobalSection
	GlobalSection(ProjectConfigurationPlatforms) = postSolution
		{F873AE7C-D6BD-4A5B-810D-5A71378E09D5}.Debug|Any CPU.ActiveCfg = Debug|Any CPU
		{F873AE7C-D6BD-4A5B-810D-5A71378E09D5}.Debug|Any CPU.Build.0 = Debug|Any CPU
		{F873AE7C-D6BD-4A5B-810D-5A71378E09D5}.Release|Any CPU.ActiveCfg = Release|Any CPU
		{F873AE7C-D6BD-4A5B-810D-5A71378E09D5}.Release|Any CPU.Build.0 = Release|Any CPU
	EndGlobalSection
	GlobalSection(SolutionProperties) = preSolution
		HideSolutionNode = FALSE
	EndGlobalSection
	GlobalSection(ExtensibilityGlobals) = postSolution
		SolutionGuid = {86874E6E-1388-4645-91C4-BC7C330EE071}
	EndGlobalSection
EndGlobal
